
Microsoft Visual Studio Solution File, Format Version 12.00
# Visual Studio Express 2013 for Windows Desktop
VisualStudioVersion = 12.0.21005.1
MinimumVisualStudioVersion = 10.0.40219.1
Project("{2150E333-8FDC-42A3-9474-1A3956D46DE8}") = "DotNetRemoting", "DotNetRemoting", "{CCF68A2F-3027-49B1-8141-C63AA062C444}"
EndProject
Project("{2150E333-8FDC-42A3-9474-1A3956D46DE8}") = "MSMQ", "MSMQ", "{DDEE1DDE-B73A-4D58-93CE-28EF5ECE95A2}"
EndProject
Project("{2150E333-8FDC-42A3-9474-1A3956D46DE8}") = "WCF", "WCF", "{1A15F851-B64F-4159-8B48-F3C5AAEB4B00}"
EndProject
Project("{2150E333-8FDC-42A3-9474-1A3956D46DE8}") = "NP", "NP", "{AD6ADD70-9F07-4E6A-93B0-A28F34444860}"
EndProject
Project("{FAE04EC0-301F-11D3-BF4B-00C04F79EFBC}") = "WCF.Client", "WCF.Client\WCF.Client.csproj", "{31D71C0A-D501-4ADD-B762-EFEFFF0BE3D9}"
EndProject
Project("{FAE04EC0-301F-11D3-BF4B-00C04F79EFBC}") = "WCF.Server", "WCF.Server\WCF.Server.csproj", "{F41B3EA3-A7FE-4958-8E46-99907421441A}"
EndProject
Project("{FAE04EC0-301F-11D3-BF4B-00C04F79EFBC}") = "MSMQ.Client", "MSMQ.Client\MSMQ.Client.csproj", "{011A40B9-818E-4095-A4D0-A1737768973D}"
EndProject
Project("{FAE04EC0-301F-11D3-BF4B-00C04F79EFBC}") = "MSMQ.Server", "MSMQ.Server\MSMQ.Server.csproj", "{99AEF9FA-8825-4052-BC9B-A5445B504E68}"
EndProject
Project("{FAE04EC0-301F-11D3-BF4B-00C04F79EFBC}") = "DNR.Client", "DNR.Client\DNR.Client.csproj", "{C4D54E39-E593-49F5-A38C-32144BB28C1B}"
EndProject
Project("{FAE04EC0-301F-11D3-BF4B-00C04F79EFBC}") = "DNR.Server", "DNR.Server\DNR.Server.csproj", "{5C5E39EE-E438-4073-B7F7-F0E7F6227CD0}"
EndProject
Project("{FAE04EC0-301F-11D3-BF4B-00C04F79EFBC}") = "WCF.Common", "WCF.Common\WCF.Common.csproj", "{4087543D-0852-41FE-B43D-06895EBA5C11}"
EndProject
Project("{FAE04EC0-301F-11D3-BF4B-00C04F79EFBC}") = "MSMQ.Common", "MSMQ.Common\MSMQ.Common.csproj", "{80D5B894-6557-4CE9-9DBD-DE2EC97DAAF0}"
EndProject
Project("{FAE04EC0-301F-11D3-BF4B-00C04F79EFBC}") = "NP.Client", "NP.Client\NP.Client.csproj", "{9D7FC1E6-A9F0-44BE-9647-7EF177CABFE1}"
EndProject
Project("{FAE04EC0-301F-11D3-BF4B-00C04F79EFBC}") = "NP.Server", "NP.Server\NP.Server.csproj", "{2FB4BA0E-D014-41F7-ABEA-6BDB7D50B132}"
EndProject
Project("{FAE04EC0-301F-11D3-BF4B-00C04F79EFBC}") = "NP.Common", "NP.Common\NP.Common.csproj", "{BB477625-962D-40DE-A5FA-FEADB3D2C08B}"
EndProject
Global
	GlobalSection(SolutionConfigurationPlatforms) = preSolution
		Debug|Any CPU = Debug|Any CPU
		Release|Any CPU = Release|Any CPU
	EndGlobalSection
	GlobalSection(ProjectConfigurationPlatforms) = postSolution
		{31D71C0A-D501-4ADD-B762-EFEFFF0BE3D9}.Debug|Any CPU.ActiveCfg = Debug|Any CPU
		{31D71C0A-D501-4ADD-B762-EFEFFF0BE3D9}.Debug|Any CPU.Build.0 = Debug|Any CPU
		{31D71C0A-D501-4ADD-B762-EFEFFF0BE3D9}.Release|Any CPU.ActiveCfg = Release|Any CPU
		{31D71C0A-D501-4ADD-B762-EFEFFF0BE3D9}.Release|Any CPU.Build.0 = Release|Any CPU
		{F41B3EA3-A7FE-4958-8E46-99907421441A}.Debug|Any CPU.ActiveCfg = Debug|Any CPU
		{F41B3EA3-A7FE-4958-8E46-99907421441A}.Debug|Any CPU.Build.0 = Debug|Any CPU
		{F41B3EA3-A7FE-4958-8E46-99907421441A}.Release|Any CPU.ActiveCfg = Release|Any CPU
		{F41B3EA3-A7FE-4958-8E46-99907421441A}.Release|Any CPU.Build.0 = Release|Any CPU
		{011A40B9-818E-4095-A4D0-A1737768973D}.Debug|Any CPU.ActiveCfg = Debug|Any CPU
		{011A40B9-818E-4095-A4D0-A1737768973D}.Debug|Any CPU.Build.0 = Debug|Any CPU
		{011A40B9-818E-4095-A4D0-A1737768973D}.Release|Any CPU.ActiveCfg = Release|Any CPU
		{011A40B9-818E-4095-A4D0-A1737768973D}.Release|Any CPU.Build.0 = Release|Any CPU
		{99AEF9FA-8825-4052-BC9B-A5445B504E68}.Debug|Any CPU.ActiveCfg = Debug|Any CPU
		{99AEF9FA-8825-4052-BC9B-A5445B504E68}.Debug|Any CPU.Build.0 = Debug|Any CPU
		{99AEF9FA-8825-4052-BC9B-A5445B504E68}.Release|Any CPU.ActiveCfg = Release|Any CPU
		{99AEF9FA-8825-4052-BC9B-A5445B504E68}.Release|Any CPU.Build.0 = Release|Any CPU
		{C4D54E39-E593-49F5-A38C-32144BB28C1B}.Debug|Any CPU.ActiveCfg = Debug|Any CPU
		{C4D54E39-E593-49F5-A38C-32144BB28C1B}.Debug|Any CPU.Build.0 = Debug|Any CPU
		{C4D54E39-E593-49F5-A38C-32144BB28C1B}.Release|Any CPU.ActiveCfg = Release|Any CPU
		{C4D54E39-E593-49F5-A38C-32144BB28C1B}.Release|Any CPU.Build.0 = Release|Any CPU
		{5C5E39EE-E438-4073-B7F7-F0E7F6227CD0}.Debug|Any CPU.ActiveCfg = Debug|Any CPU
		{5C5E39EE-E438-4073-B7F7-F0E7F6227CD0}.Debug|Any CPU.Build.0 = Debug|Any CPU
		{5C5E39EE-E438-4073-B7F7-F0E7F6227CD0}.Release|Any CPU.ActiveCfg = Release|Any CPU
		{5C5E39EE-E438-4073-B7F7-F0E7F6227CD0}.Release|Any CPU.Build.0 = Release|Any CPU
		{4087543D-0852-41FE-B43D-06895EBA5C11}.Debug|Any CPU.ActiveCfg = Debug|Any CPU
		{4087543D-0852-41FE-B43D-06895EBA5C11}.Debug|Any CPU.Build.0 = Debug|Any CPU
		{4087543D-0852-41FE-B43D-06895EBA5C11}.Release|Any CPU.ActiveCfg = Release|Any CPU
		{4087543D-0852-41FE-B43D-06895EBA5C11}.Release|Any CPU.Build.0 = Release|Any CPU
		{80D5B894-6557-4CE9-9DBD-DE2EC97DAAF0}.Debug|Any CPU.ActiveCfg = Debug|Any CPU
		{80D5B894-6557-4CE9-9DBD-DE2EC97DAAF0}.Debug|Any CPU.Build.0 = Debug|Any CPU
		{80D5B894-6557-4CE9-9DBD-DE2EC97DAAF0}.Release|Any CPU.ActiveCfg = Release|Any CPU
		{80D5B894-6557-4CE9-9DBD-DE2EC97DAAF0}.Release|Any CPU.Build.0 = Release|Any CPU
		{9D7FC1E6-A9F0-44BE-9647-7EF177CABFE1}.Debug|Any CPU.ActiveCfg = Debug|Any CPU
		{9D7FC1E6-A9F0-44BE-9647-7EF177CABFE1}.Debug|Any CPU.Build.0 = Debug|Any CPU
		{9D7FC1E6-A9F0-44BE-9647-7EF177CABFE1}.Release|Any CPU.ActiveCfg = Release|Any CPU
		{9D7FC1E6-A9F0-44BE-9647-7EF177CABFE1}.Release|Any CPU.Build.0 = Release|Any CPU
		{2FB4BA0E-D014-41F7-ABEA-6BDB7D50B132}.Debug|Any CPU.ActiveCfg = Debug|Any CPU
		{2FB4BA0E-D014-41F7-ABEA-6BDB7D50B132}.Debug|Any CPU.Build.0 = Debug|Any CPU
		{2FB4BA0E-D014-41F7-ABEA-6BDB7D50B132}.Release|Any CPU.ActiveCfg = Release|Any CPU
		{2FB4BA0E-D014-41F7-ABEA-6BDB7D50B132}.Release|Any CPU.Build.0 = Release|Any CPU
		{BB477625-962D-40DE-A5FA-FEADB3D2C08B}.Debug|Any CPU.ActiveCfg = Debug|Any CPU
		{BB477625-962D-40DE-A5FA-FEADB3D2C08B}.Debug|Any CPU.Build.0 = Debug|Any CPU
		{BB477625-962D-40DE-A5FA-FEADB3D2C08B}.Release|Any CPU.ActiveCfg = Release|Any CPU
		{BB477625-962D-40DE-A5FA-FEADB3D2C08B}.Release|Any CPU.Build.0 = Release|Any CPU
	EndGlobalSection
	GlobalSection(SolutionProperties) = preSolution
		HideSolutionNode = FALSE
	EndGlobalSection
	GlobalSection(NestedProjects) = preSolution
		{C4D54E39-E593-49F5-A38C-32144BB28C1B} = {CCF68A2F-3027-49B1-8141-C63AA062C444}
		{5C5E39EE-E438-4073-B7F7-F0E7F6227CD0} = {CCF68A2F-3027-49B1-8141-C63AA062C444}
		{011A40B9-818E-4095-A4D0-A1737768973D} = {DDEE1DDE-B73A-4D58-93CE-28EF5ECE95A2}
		{99AEF9FA-8825-4052-BC9B-A5445B504E68} = {DDEE1DDE-B73A-4D58-93CE-28EF5ECE95A2}
		{80D5B894-6557-4CE9-9DBD-DE2EC97DAAF0} = {DDEE1DDE-B73A-4D58-93CE-28EF5ECE95A2}
		{31D71C0A-D501-4ADD-B762-EFEFFF0BE3D9} = {1A15F851-B64F-4159-8B48-F3C5AAEB4B00}
		{F41B3EA3-A7FE-4958-8E46-99907421441A} = {1A15F851-B64F-4159-8B48-F3C5AAEB4B00}
		{4087543D-0852-41FE-B43D-06895EBA5C11} = {1A15F851-B64F-4159-8B48-F3C5AAEB4B00}
		{9D7FC1E6-A9F0-44BE-9647-7EF177CABFE1} = {AD6ADD70-9F07-4E6A-93B0-A28F34444860}
		{2FB4BA0E-D014-41F7-ABEA-6BDB7D50B132} = {AD6ADD70-9F07-4E6A-93B0-A28F34444860}
		{BB477625-962D-40DE-A5FA-FEADB3D2C08B} = {AD6ADD70-9F07-4E6A-93B0-A28F34444860}
	EndGlobalSection
EndGlobal
